
Microsoft Visual Studio Solution File, Format Version 12.00
# Visual Studio Version 17
VisualStudioVersion = 17.0.31903.59
MinimumVisualStudioVersion = 10.0.40219.1
Project("{2150E333-8FDC-42A3-9474-1A3956D46DE8}") = "src", "src", "{827E0CD3-B72D-47B6-A68D-7590B98EB39B}"
	ProjectSection(SolutionItems) = preProject
		..\smartegov\GenerateEncryptionKey.csx = ..\smartegov\GenerateEncryptionKey.csx
		..\smartegov\WIRING_CHANGES.cs = ..\smartegov\WIRING_CHANGES.cs
	EndProjectSection
EndProject
Project("{FAE04EC0-301F-11D3-BF4B-00C04F79EFBC}") = "SmartEGov.Domain", "src\SmartEGov.Domain\SmartEGov.Domain.csproj", "{AA015ED7-A24A-40F3-AE44-BFE0B1419CF5}"
EndProject
Project("{FAE04EC0-301F-11D3-BF4B-00C04F79EFBC}") = "SmartEGov.Application", "src\SmartEGov.Application\SmartEGov.Application.csproj", "{EA8439F2-FB51-4182-8927-9B4EF7245DCE}"
EndProject
Project("{FAE04EC0-301F-11D3-BF4B-00C04F79EFBC}") = "SmartEGov.Infrastructure", "src\SmartEGov.Infrastructure\SmartEGov.Infrastructure.csproj", "{C2456FF2-2AEB-407B-89F1-CF0D77A92817}"
EndProject
Project("{FAE04EC0-301F-11D3-BF4B-00C04F79EFBC}") = "SmartEGov.Web", "src\SmartEGov.Web\SmartEGov.Web.csproj", "{A6216142-B680-49B9-ACA0-CC6FE544A79B}"
EndProject
Global
	GlobalSection(SolutionConfigurationPlatforms) = preSolution
		Debug|Any CPU = Debug|Any CPU
		Debug|x64 = Debug|x64
		Debug|x86 = Debug|x86
		Release|Any CPU = Release|Any CPU
		Release|x64 = Release|x64
		Release|x86 = Release|x86
	EndGlobalSection
	GlobalSection(ProjectConfigurationPlatforms) = postSolution
		{AA015ED7-A24A-40F3-AE44-BFE0B1419CF5}.Debug|Any CPU.ActiveCfg = Debug|Any CPU
		{AA015ED7-A24A-40F3-AE44-BFE0B1419CF5}.Debug|Any CPU.Build.0 = Debug|Any CPU
		{AA015ED7-A24A-40F3-AE44-BFE0B1419CF5}.Debug|x64.ActiveCfg = Debug|Any CPU
		{AA015ED7-A24A-40F3-AE44-BFE0B1419CF5}.Debug|x64.Build.0 = Debug|Any CPU
		{AA015ED7-A24A-40F3-AE44-BFE0B1419CF5}.Debug|x86.ActiveCfg = Debug|Any CPU
		{AA015ED7-A24A-40F3-AE44-BFE0B1419CF5}.Debug|x86.Build.0 = Debug|Any CPU
		{AA015ED7-A24A-40F3-AE44-BFE0B1419CF5}.Release|Any CPU.ActiveCfg = Release|Any CPU
		{AA015ED7-A24A-40F3-AE44-BFE0B1419CF5}.Release|Any CPU.Build.0 = Release|Any CPU
		{AA015ED7-A24A-40F3-AE44-BFE0B1419CF5}.Release|x64.ActiveCfg = Release|Any CPU
		{AA015ED7-A24A-40F3-AE44-BFE0B1419CF5}.Release|x64.Build.0 = Release|Any CPU
		{AA015ED7-A24A-40F3-AE44-BFE0B1419CF5}.Release|x86.ActiveCfg = Release|Any CPU
		{AA015ED7-A24A-40F3-AE44-BFE0B1419CF5}.Release|x86.Build.0 = Release|Any CPU
		{EA8439F2-FB51-4182-8927-9B4EF7245DCE}.Debug|Any CPU.ActiveCfg = Debug|Any CPU
		{EA8439F2-FB51-4182-8927-9B4EF7245DCE}.Debug|Any CPU.Build.0 = Debug|Any CPU
		{EA8439F2-FB51-4182-8927-9B4EF7245DCE}.Debug|x64.ActiveCfg = Debug|Any CPU
		{EA8439F2-FB51-4182-8927-9B4EF7245DCE}.Debug|x64.Build.0 = Debug|Any CPU
		{EA8439F2-FB51-4182-8927-9B4EF7245DCE}.Debug|x86.ActiveCfg = Debug|Any CPU
		{EA8439F2-FB51-4182-8927-9B4EF7245DCE}.Debug|x86.Build.0 = Debug|Any CPU
		{EA8439F2-FB51-4182-8927-9B4EF7245DCE}.Release|Any CPU.ActiveCfg = Release|Any CPU
		{EA8439F2-FB51-4182-8927-9B4EF7245DCE}.Release|Any CPU.Build.0 = Release|Any CPU
		{EA8439F2-FB51-4182-8927-9B4EF7245DCE}.Release|x64.ActiveCfg = Release|Any CPU
		{EA8439F2-FB51-4182-8927-9B4EF7245DCE}.Release|x64.Build.0 = Release|Any CPU
		{EA8439F2-FB51-4182-8927-9B4EF7245DCE}.Release|x86.ActiveCfg = Release|Any CPU
		{EA8439F2-FB51-4182-8927-9B4EF7245DCE}.Release|x86.Build.0 = Release|Any CPU
		{C2456FF2-2AEB-407B-89F1-CF0D77A92817}.Debug|Any CPU.ActiveCfg = Debug|Any CPU
		{C2456FF2-2AEB-407B-89F1-CF0D77A92817}.Debug|Any CPU.Build.0 = Debug|Any CPU
		{C2456FF2-2AEB-407B-89F1-CF0D77A92817}.Debug|x64.ActiveCfg = Debug|Any CPU
		{C2456FF2-2AEB-407B-89F1-CF0D77A92817}.Debug|x64.Build.0 = Debug|Any CPU
		{C2456FF2-2AEB-407B-89F1-CF0D77A92817}.Debug|x86.ActiveCfg = Debug|Any CPU
		{C2456FF2-2AEB-407B-89F1-CF0D77A92817}.Debug|x86.Build.0 = Debug|Any CPU
		{C2456FF2-2AEB-407B-89F1-CF0D77A92817}.Release|Any CPU.ActiveCfg = Release|Any CPU
		{C2456FF2-2AEB-407B-89F1-CF0D77A92817}.Release|Any CPU.Build.0 = Release|Any CPU
		{C2456FF2-2AEB-407B-89F1-CF0D77A92817}.Release|x64.ActiveCfg = Release|Any CPU
		{C2456FF2-2AEB-407B-89F1-CF0D77A92817}.Release|x64.Build.0 = Release|Any CPU
		{C2456FF2-2AEB-407B-89F1-CF0D77A92817}.Release|x86.ActiveCfg = Release|Any CPU
		{C2456FF2-2AEB-407B-89F1-CF0D77A92817}.Release|x86.Build.0 = Release|Any CPU
		{A6216142-B680-49B9-ACA0-CC6FE544A79B}.Debug|Any CPU.ActiveCfg = Debug|Any CPU
		{A6216142-B680-49B9-ACA0-CC6FE544A79B}.Debug|Any CPU.Build.0 = Debug|Any CPU
		{A6216142-B680-49B9-ACA0-CC6FE544A79B}.Debug|x64.ActiveCfg = Debug|Any CPU
		{A6216142-B680-49B9-ACA0-CC6FE544A79B}.Debug|x64.Build.0 = Debug|Any CPU
		{A6216142-B680-49B9-ACA0-CC6FE544A79B}.Debug|x86.ActiveCfg = Debug|Any CPU
		{A6216142-B680-49B9-ACA0-CC6FE544A79B}.Debug|x86.Build.0 = Debug|Any CPU
		{A6216142-B680-49B9-ACA0-CC6FE544A79B}.Release|Any CPU.ActiveCfg = Release|Any CPU
		{A6216142-B680-49B9-ACA0-CC6FE544A79B}.Release|Any CPU.Build.0 = Release|Any CPU
		{A6216142-B680-49B9-ACA0-CC6FE544A79B}.Release|x64.ActiveCfg = Release|Any CPU
		{A6216142-B680-49B9-ACA0-CC6FE544A79B}.Release|x64.Build.0 = Release|Any CPU
		{A6216142-B680-49B9-ACA0-CC6FE544A79B}.Release|x86.ActiveCfg = Release|Any CPU
		{A6216142-B680-49B9-ACA0-CC6FE544A79B}.Release|x86.Build.0 = Release|Any CPU
	EndGlobalSection
	GlobalSection(SolutionProperties) = preSolution
		HideSolutionNode = FALSE
	EndGlobalSection
	GlobalSection(NestedProjects) = preSolution
		{AA015ED7-A24A-40F3-AE44-BFE0B1419CF5} = {827E0CD3-B72D-47B6-A68D-7590B98EB39B}
		{EA8439F2-FB51-4182-8927-9B4EF7245DCE} = {827E0CD3-B72D-47B6-A68D-7590B98EB39B}
		{C2456FF2-2AEB-407B-89F1-CF0D77A92817} = {827E0CD3-B72D-47B6-A68D-7590B98EB39B}
		{A6216142-B680-49B9-ACA0-CC6FE544A79B} = {827E0CD3-B72D-47B6-A68D-7590B98EB39B}
	EndGlobalSection
	GlobalSection(ExtensibilityGlobals) = postSolution
		SolutionGuid = {C14CC228-29A8-4D62-8AB7-23792636023A}
	EndGlobalSection
EndGlobal
